{
  "originHash" : "19173093ad1c8b01f9138471625844ff2974d4af9c11c4e7fa54808c7cd74596",
  "pins" : [
    {
      "identity" : "swift-exec",
      "kind" : "remoteSourceControl",
      "location" : "https://github.com/samuelmeuli/swift-exec",
      "state" : {
        "branch" : "master",
        "revision" : "ca84cfe4d769722d15cac1d87cfa508b08115504"
      }
    }
  ],
  "version" : 3
}
